// !$*UTF8*$!
{
	archiveVersion = 1;
	classes = {
	};
	objectVersion = 50;
	objects = {

/* Begin PBXBuildFile section */
		835169422361A9A900EAD164 /* AppDelegate.swift in Sources */ = {isa = PBXBuildFile; fileRef = 835169412361A9A900EAD164 /* AppDelegate.swift */; };
		835169442361A9A900EAD164 /* ViewController.swift in Sources */ = {isa = PBXBuildFile; fileRef = 835169432361A9A900EAD164 /* ViewController.swift */; };
		835169472361A9A900EAD164 /* Main.storyboard in Resources */ = {isa = PBXBuildFile; fileRef = 835169452361A9A900EAD164 /* Main.storyboard */; };
		835169492361A9AD00EAD164 /* Assets.xcassets in Resources */ = {isa = PBXBuildFile; fileRef = 835169482361A9AD00EAD164 /* Assets.xcassets */; };
		8351694C2361A9AD00EAD164 /* LaunchScreen.storyboard in Resources */ = {isa = PBXBuildFile; fileRef = 8351694A2361A9AD00EAD164 /* LaunchScreen.storyboard */; };
		835169572361A9AD00EAD164 /* DATE_PICKERTests.swift in Sources */ = {isa = PBXBuildFile; fileRef = 835169562361A9AD00EAD164 /* DATE_PICKERTests.swift */; };
		835169622361A9AD00EAD164 /* DATE_PICKERUITests.swift in Sources */ = {isa = PBXBuildFile; fileRef = 835169612361A9AD00EAD164 /* DATE_PICKERUITests.swift */; };
/* End PBXBuildFile section */

/* Begin PBXContainerItemProxy section */
		835169532361A9AD00EAD164 /* PBXContainerItemProxy */ = {
			isa = PBXContainerItemProxy;
			containerPortal = 835169362361A9A900EAD164 /* Project object */;
			proxyType = 1;
			remoteGlobalIDString = 8351693D2361A9A900EAD164;
			remoteInfo = "DATE PICKER";
		};
		8351695E2361A9AD00EAD164 /* PBXContainerItemProxy */ = {
			isa = PBXContainerItemProxy;
			containerPortal = 835169362361A9A900EAD164 /* Project object */;
			proxyType = 1;
			remoteGlobalIDString = 8351693D2361A9A900EAD164;
			remoteInfo = "DATE PICKER";
		};
/* End PBXContainerItemProxy section */

/* Begin PBXFileReference section */
		8351693E2361A9A900EAD164 /* DATE PICKER.app */ = {isa = PBXFileReference; explicitFileType = wrapper.application; includeInIndex = 0; path = "DATE PICKER.app"; sourceTree = BUILT_PRODUCTS_DIR; };
		835169412361A9A900EAD164 /* AppDelegate.swift */ = {isa = PBXFileReference; lastKnownFileType = sourcecode.swift; path = AppDelegate.swift; sourceTree = "<group>"; };
		835169432361A9A900EAD164 /* ViewController.swift */ = {isa = PBXFileReference; lastKnownFileType = sourcecode.swift; path = ViewController.swift; sourceTree = "<group>"; };
		835169462361A9A900EAD164 /* Base */ = {isa = PBXFileReference; lastKnownFileType = file.storyboard; name = Base; path = Base.lproj/Main.storyboard; sourceTree = "<group>"; };
		835169482361A9AD00EAD164 /* Assets.xcassets */ = {isa = PBXFileReference; lastKnownFileType = folder.assetcatalog; path = Assets.xcassets; sourceTree = "<group>"; };
		8351694B2361A9AD00EAD164 /* Base */ = {isa = PBXFileReference; lastKnownFileType = file.storyboard; name = Base; path = Base.lproj/LaunchScreen.storyboard; sourceTree = "<group>"; };
		8351694D2361A9AD00EAD164 /* Info.plist */ = {isa = PBXFileReference; lastKnownFileType = text.plist.xml; path = Info.plist; sourceTree = "<group>"; };
		835169522361A9AD00EAD164 /* DATE PICKERTests.xctest */ = {isa = PBXFileReference; explicitFileType = wrapper.cfbundle; includeInIndex = 0; path = "DATE PICKERTests.xctest"; sourceTree = BUILT_PRODUCTS_DIR; };
		835169562361A9AD00EAD164 /* DATE_PICKERTests.swift */ = {isa = PBXFileReference; lastKnownFileType = sourcecode.swift; path = DATE_PICKERTests.swift; sourceTree = "<group>"; };
		835169582361A9AD00EAD164 /* Info.plist */ = {isa = PBXFileReference; lastKnownFileType = text.plist.xml; path = Info.plist; sourceTree = "<group>"; };
		8351695D2361A9AD00EAD164 /* DATE PICKERUITests.xctest */ = {isa = PBXFileReference; explicitFileType = wrapper.cfbundle; includeInIndex = 0; path = "DATE PICKERUITests.xctest"; sourceTree = BUILT_PRODUCTS_DIR; };
		835169612361A9AD00EAD164 /* DATE_PICKERUITests.swift */ = {isa = PBXFileReference; lastKnownFileType = sourcecode.swift; path = DATE_PICKERUITests.swift; sourceTree = "<group>"; };
		835169632361A9AD00EAD164 /* Info.plist */ = {isa = PBXFileReference; lastKnownFileType = text.plist.xml; path = Info.plist; sourceTree = "<group>"; };
/* End PBXFileReference section */

/* Begin PBXFrameworksBuildPhase section */
		8351693B2361A9A900EAD164 /* Frameworks */ = {
			isa = PBXFrameworksBuildPhase;
			buildActionMask = 2147483647;
			files = (
			);
			runOnlyForDeploymentPostprocessing = 0;
		};
		8351694F2361A9AD00EAD164 /* Frameworks */ = {
			isa = PBXFrameworksBuildPhase;
			buildActionMask = 2147483647;
			files = (
			);
			runOnlyForDeploymentPostprocessing = 0;
		};
		8351695A2361A9AD00EAD164 /* Frameworks */ = {
			isa = PBXFrameworksBuildPhase;
			buildActionMask = 2147483647;
			files = (
			);
			runOnlyForDeploymentPostprocessing = 0;
		};
/* End PBXFrameworksBuildPhase section */

/* Begin PBXGroup section */
		835169352361A9A900EAD164 = {
			isa = PBXGroup;
			children = (
				835169402361A9A900EAD164 /* DATE PICKER */,
				835169552361A9AD00EAD164 /* DATE PICKERTests */,
				835169602361A9AD00EAD164 /* DATE PICKERUITests */,
				8351693F2361A9A900EAD164 /* Products */,
			);
			sourceTree = "<group>";
		};
		8351693F2361A9A900EAD164 /* Products */ = {
			isa = PBXGroup;
			children = (
				8351693E2361A9A900EAD164 /* DATE PICKER.app */,
				835169522361A9AD00EAD164 /* DATE PICKERTests.xctest */,
				8351695D2361A9AD00EAD164 /* DATE PICKERUITests.xctest */,
			);
			name = Products;
			sourceTree = "<group>";
		};
		835169402361A9A900EAD164 /* DATE PICKER */ = {
			isa = PBXGroup;
			children = (
				835169412361A9A900EAD164 /* AppDelegate.swift */,
				835169432361A9A900EAD164 /* ViewController.swift */,
				835169452361A9A900EAD164 /* Main.storyboard */,
				835169482361A9AD00EAD164 /* Assets.xcassets */,
				8351694A2361A9AD00EAD164 /* LaunchScreen.storyboard */,
				8351694D2361A9AD00EAD164 /* Info.plist */,
			);
			path = "DATE PICKER";
			sourceTree = "<group>";
		};
		835169552361A9AD00EAD164 /* DATE PICKERTests */ = {
			isa = PBXGroup;
			children = (
				835169562361A9AD00EAD164 /* DATE_PICKERTests.swift */,
				835169582361A9AD00EAD164 /* Info.plist */,
			);
			path = "DATE PICKERTests";
			sourceTree = "<group>";
		};
		835169602361A9AD00EAD164 /* DATE PICKERUITests */ = {
			isa = PBXGroup;
			children = (
				835169612361A9AD00EAD164 /* DATE_PICKERUITests.swift */,
				835169632361A9AD00EAD164 /* Info.plist */,
			);
			path = "DATE PICKERUITests";
			sourceTree = "<group>";
		};
/* End PBXGroup section */

/* Begin PBXNativeTarget section */
		8351693D2361A9A900EAD164 /* DATE PICKER */ = {
			isa = PBXNativeTarget;
			buildConfigurationList = 835169662361A9AD00EAD164 /* Build configuration list for PBXNativeTarget "DATE PICKER" */;
			buildPhases = (
				8351693A2361A9A900EAD164 /* Sources */,
				8351693B2361A9A900EAD164 /* Frameworks */,
				8351693C2361A9A900EAD164 /* Resources */,
			);
			buildRules = (
			);
			dependencies = (
			);
			name = "DATE PICKER";
			productName = "DATE PICKER";
			productReference = 8351693E2361A9A900EAD164 /* DATE PICKER.app */;
			productType = "com.apple.product-type.application";
		};
		835169512361A9AD00EAD164 /* DATE PICKERTests */ = {
			isa = PBXNativeTarget;
			buildConfigurationList = 835169692361A9AD00EAD164 /* Build configuration list for PBXNativeTarget "DATE PICKERTests" */;
			buildPhases = (
				8351694E2361A9AD00EAD164 /* Sources */,
				8351694F2361A9AD00EAD164 /* Frameworks */,
				835169502361A9AD00EAD164 /* Resources */,
			);
			buildRules = (
			);
			dependencies = (
				835169542361A9AD00EAD164 /* PBXTargetDependency */,
			);
			name = "DATE PICKERTests";
			productName = "DATE PICKERTests";
			productReference = 835169522361A9AD00EAD164 /* DATE PICKERTests.xctest */;
			productType = "com.apple.product-type.bundle.unit-test";
		};
		8351695C2361A9AD00EAD164 /* DATE PICKERUITests */ = {
			isa = PBXNativeTarget;
			buildConfigurationList = 8351696C2361A9AD00EAD164 /* Build configuration list for PBXNativeTarget "DATE PICKERUITests" */;
			buildPhases = (
				835169592361A9AD00EAD164 /* Sources */,
				8351695A2361A9AD00EAD164 /* Frameworks */,
				8351695B2361A9AD00EAD164 /* Resources */,
			);
			buildRules = (
			);
			dependencies = (
				8351695F2361A9AD00EAD164 /* PBXTargetDependency */,
			);
			name = "DATE PICKERUITests";
			productName = "DATE PICKERUITests";
			productReference = 8351695D2361A9AD00EAD164 /* DATE PICKERUITests.xctest */;
			productType = "com.apple.product-type.bundle.ui-testing";
		};
/* End PBXNativeTarget section */

/* Begin PBXProject section */
		835169362361A9A900EAD164 /* Project object */ = {
			isa = PBXProject;
			attributes = {
				LastSwiftUpdateCheck = 1010;
				LastUpgradeCheck = 1010;
				ORGANIZATIONNAME = "Syed.Reshma Ruksana";
				TargetAttributes = {
					8351693D2361A9A900EAD164 = {
						CreatedOnToolsVersion = 10.1;
					};
					835169512361A9AD00EAD164 = {
						CreatedOnToolsVersion = 10.1;
						TestTargetID = 8351693D2361A9A900EAD164;
					};
					8351695C2361A9AD00EAD164 = {
						CreatedOnToolsVersion = 10.1;
						TestTargetID = 8351693D2361A9A900EAD164;
					};
				};
			};
			buildConfigurationList = 835169392361A9A900EAD164 /* Build configuration list for PBXProject "DATE PICKER" */;
			compatibilityVersion = "Xcode 9.3";
			developmentRegion = en;
			hasScannedForEncodings = 0;
			knownRegions = (
				en,
				Base,
			);
			mainGroup = 835169352361A9A900EAD164;
			productRefGroup = 8351693F2361A9A900EAD164 /* Products */;
			projectDirPath = "";
			projectRoot = "";
			targets = (
				8351693D2361A9A900EAD164 /* DATE PICKER */,
				835169512361A9AD00EAD164 /* DATE PICKERTests */,
				8351695C2361A9AD00EAD164 /* DATE PICKERUITests */,
			);
		};
/* End PBXProject section */

/* Begin PBXResourcesBuildPhase section */
		8351693C2361A9A900EAD164 /* Resources */ = {
			isa = PBXResourcesBuildPhase;
			buildActionMask = 2147483647;
			files = (
				8351694C2361A9AD00EAD164 /* LaunchScreen.storyboard in Resources */,
				835169492361A9AD00EAD164 /* Assets.xcassets in Resources */,
				835169472361A9A900EAD164 /* Main.storyboard in Resources */,
			);
			runOnlyForDeploymentPostprocessing = 0;
		};
		835169502361A9AD00EAD164 /* Resources */ = {
			isa = PBXResourcesBuildPhase;
			buildActionMask = 2147483647;
			files = (
			);
			runOnlyForDeploymentPostprocessing = 0;
		};
		8351695B2361A9AD00EAD164 /* Resources */ = {
			isa = PBXResourcesBuildPhase;
			buildActionMask = 2147483647;
			files = (
			);
			runOnlyForDeploymentPostprocessing = 0;
		};
/* End PBXResourcesBuildPhase section */

/* Begin PBXSourcesBuildPhase section */
		8351693A2361A9A900EAD164 /* Sources */ = {
			isa = PBXSourcesBuildPhase;
			buildActionMask = 2147483647;
			files = (
				835169442361A9A900EAD164 /* ViewController.swift in Sources */,
				835169422361A9A900EAD164 /* AppDelegate.swift in Sources */,
			);
			runOnlyForDeploymentPostprocessing = 0;
		};
		8351694E2361A9AD00EAD164 /* Sources */ = {
			isa = PBXSourcesBuildPhase;
			buildActionMask = 2147483647;
			files = (
				835169572361A9AD00EAD164 /* DATE_PICKERTests.swift in Sources */,
			);
			runOnlyForDeploymentPostprocessing = 0;
		};
		835169592361A9AD00EAD164 /* Sources */ = {
			isa = PBXSourcesBuildPhase;
			buildActionMask = 2147483647;
			files = (
				835169622361A9AD00EAD164 /* DATE_PICKERUITests.swift in Sources */,
			);
			runOnlyForDeploymentPostprocessing = 0;
		};
/* End PBXSourcesBuildPhase section */

/* Begin PBXTargetDependency section */
		835169542361A9AD00EAD164 /* PBXTargetDependency */ = {
			isa = PBXTargetDependency;
			target = 8351693D2361A9A900EAD164 /* DATE PICKER */;
			targetProxy = 835169532361A9AD00EAD164 /* PBXContainerItemProxy */;
		};
		8351695F2361A9AD00EAD164 /* PBXTargetDependency */ = {
			isa = PBXTargetDependency;
			target = 8351693D2361A9A900EAD164 /* DATE PICKER */;
			targetProxy = 8351695E2361A9AD00EAD164 /* PBXContainerItemProxy */;
		};
/* End PBXTargetDependency section */

/* Begin PBXVariantGroup section */
		835169452361A9A900EAD164 /* Main.storyboard */ = {
			isa = PBXVariantGroup;
			children = (
				835169462361A9A900EAD164 /* Base */,
			);
			name = Main.storyboard;
			sourceTree = "<group>";
		};
		8351694A2361A9AD00EAD164 /* LaunchScreen.storyboard */ = {
			isa = PBXVariantGroup;
			children = (
				8351694B2361A9AD00EAD164 /* Base */,
			);
			name = LaunchScreen.storyboard;
			sourceTree = "<group>";
		};
/* End PBXVariantGroup section */

/* Begin XCBuildConfiguration section */
		835169642361A9AD00EAD164 /* Debug */ = {
			isa = XCBuildConfiguration;
			buildSettings = {
				ALWAYS_SEARCH_USER_PATHS = NO;
				CLANG_ANALYZER_NONNULL = YES;
				CLANG_ANALYZER_NUMBER_OBJECT_CONVERSION = YES_AGGRESSIVE;
				CLANG_CXX_LANGUAGE_STANDARD = "gnu++14";
				CLANG_CXX_LIBRARY = "libc++";
				CLANG_ENABLE_MODULES = YES;
				CLANG_ENABLE_OBJC_ARC = YES;
				CLANG_ENABLE_OBJC_WEAK = YES;
				CLANG_WARN_BLOCK_CAPTURE_AUTORELEASING = YES;
				CLANG_WARN_BOOL_CONVERSION = YES;
				CLANG_WARN_COMMA = YES;
				CLANG_WARN_CONSTANT_CONVERSION = YES;
				CLANG_WARN_DEPRECATED_OBJC_IMPLEMENTATIONS = YES;
				CLANG_WARN_DIRECT_OBJC_ISA_USAGE = YES_ERROR;
				CLANG_WARN_DOCUMENTATION_COMMENTS = YES;
				CLANG_WARN_EMPTY_BODY = YES;
				CLANG_WARN_ENUM_CONVERSION = YES;
				CLANG_WARN_INFINITE_RECURSION = YES;
				CLANG_WARN_INT_CONVERSION = YES;
				CLANG_WARN_NON_LITERAL_NULL_CONVERSION = YES;
				CLANG_WARN_OBJC_IMPLICIT_RETAIN_SELF = YES;
				CLANG_WARN_OBJC_LITERAL_CONVERSION = YES;
				CLANG_WARN_OBJC_ROOT_CLASS = YES_ERROR;
				CLANG_WARN_RANGE_LOOP_ANALYSIS = YES;
				CLANG_WARN_STRICT_PROTOTYPES = YES;
				CLANG_WARN_SUSPICIOUS_MOVE = YES;
				CLANG_WARN_UNGUARDED_AVAILABILITY = YES_AGGRESSIVE;
				CLANG_WARN_UNREACHABLE_CODE = YES;
				CLANG_WARN__DUPLICATE_METHOD_MATCH = YES;
				CODE_SIGN_IDENTITY = "iPhone Developer";
				COPY_PHASE_STRIP = NO;
				DEBUG_INFORMATION_FORMAT = dwarf;
				ENABLE_STRICT_OBJC_MSGSEND = YES;
				ENABLE_TESTABILITY = YES;
				GCC_C_LANGUAGE_STANDARD = gnu11;
				GCC_DYNAMIC_NO_PIC = NO;
				GCC_NO_COMMON_BLOCKS = YES;
				GCC_OPTIMIZATION_LEVEL = 0;
				GCC_PREPROCESSOR_DEFINITIONS = (
					"DEBUG=1",
					"$(inherited)",
				);
				GCC_WARN_64_TO_32_BIT_CONVERSION = YES;
				GCC_WARN_ABOUT_RETURN_TYPE = YES_ERROR;
				GCC_WARN_UNDECLARED_SELECTOR = YES;
				GCC_WARN_UNINITIALIZED_AUTOS = YES_AGGRESSIVE;
				GCC_WARN_UNUSED_FUNCTION = YES;
				GCC_WARN_UNUSED_VARIABLE = YES;
				IPHONEOS_DEPLOYMENT_TARGET = 12.1;
				MTL_ENABLE_DEBUG_INFO = INCLUDE_SOURCE;
				MTL_FAST_MATH = YES;
				ONLY_ACTIVE_ARCH = YES;
				SDKROOT = iphoneos;
				SWIFT_ACTIVE_COMPILATION_CONDITIONS = DEBUG;
				SWIFT_OPTIMIZATION_LEVEL = "-Onone";
			};
			name = Debug;
		};
		835169652361A9AD00EAD164 /* Release */ = {
			isa = XCBuildConfiguration;
			buildSettings = {
				ALWAYS_SEARCH_USER_PATHS = NO;
				CLANG_ANALYZER_NONNULL = YES;
				CLANG_ANALYZER_NUMBER_OBJECT_CONVERSION = YES_AGGRESSIVE;
				CLANG_CXX_LANGUAGE_STANDARD = "gnu++14";
				CLANG_CXX_LIBRARY = "libc++";
				CLANG_ENABLE_MODULES = YES;
				CLANG_ENABLE_OBJC_ARC = YES;
				CLANG_ENABLE_OBJC_WEAK = YES;
				CLANG_WARN_BLOCK_CAPTURE_AUTORELEASING = YES;
				CLANG_WARN_BOOL_CONVERSION = YES;
				CLANG_WARN_COMMA = YES;
				CLANG_WARN_CONSTANT_CONVERSION = YES;
				CLANG_WARN_DEPRECATED_OBJC_IMPLEMENTATIONS = YES;
				CLANG_WARN_DIRECT_OBJC_ISA_USAGE = YES_ERROR;
				CLANG_WARN_DOCUMENTATION_COMMENTS = YES;
				CLANG_WARN_EMPTY_BODY = YES;
				CLANG_WARN_ENUM_CONVERSION = YES;
				CLANG_WARN_INFINITE_RECURSION = YES;
				CLANG_WARN_INT_CONVERSION = YES;
				CLANG_WARN_NON_LITERAL_NULL_CONVERSION = YES;
				CLANG_WARN_OBJC_IMPLICIT_RETAIN_SELF = YES;
				CLANG_WARN_OBJC_LITERAL_CONVERSION = YES;
				CLANG_WARN_OBJC_ROOT_CLASS = YES_ERROR;
				CLANG_WARN_RANGE_LOOP_ANALYSIS = YES;
				CLANG_WARN_STRICT_PROTOTYPES = YES;
				CLANG_WARN_SUSPICIOUS_MOVE = YES;
				CLANG_WARN_UNGUARDED_AVAILABILITY = YES_AGGRESSIVE;
				CLANG_WARN_UNREACHABLE_CODE = YES;
				CLANG_WARN__DUPLICATE_METHOD_MATCH = YES;
				CODE_SIGN_IDENTITY = "iPhone Developer";
				COPY_PHASE_STRIP = NO;
				DEBUG_INFORMATION_FORMAT = "dwarf-with-dsym";
				ENABLE_NS_ASSERTIONS = NO;
				ENABLE_STRICT_OBJC_MSGSEND = YES;
				GCC_C_LANGUAGE_STANDARD = gnu11;
				GCC_NO_COMMON_BLOCKS = YES;
				GCC_WARN_64_TO_32_BIT_CONVERSION = YES;
				GCC_WARN_ABOUT_RETURN_TYPE = YES_ERROR;
				GCC_WARN_UNDECLARED_SELECTOR = YES;
				GCC_WARN_UNINITIALIZED_AUTOS = YES_AGGRESSIVE;
				GCC_WARN_UNUSED_FUNCTION = YES;
				GCC_WARN_UNUSED_VARIABLE = YES;
				IPHONEOS_DEPLOYMENT_TARGET = 12.1;
				MTL_ENABLE_DEBUG_INFO = NO;
				MTL_FAST_MATH = YES;
				SDKROOT = iphoneos;
				SWIFT_COMPILATION_MODE = wholemodule;
				SWIFT_OPTIMIZATION_LEVEL = "-O";
				VALIDATE_PRODUCT = YES;
			};
			name = Release;
		};
		835169672361A9AD00EAD164 /* Debug */ = {
			isa = XCBuildConfiguration;
			buildSettings = {
				ASSETCATALOG_COMPILER_APPICON_NAME = AppIcon;
				CODE_SIGN_STYLE = Automatic;
				INFOPLIST_FILE = "DATE PICKER/Info.plist";
				LD_RUNPATH_SEARCH_PATHS = (
					"$(inherited)",
					"@executable_path/Frameworks",
				);
				PRODUCT_BUNDLE_IDENTIFIER = "BRN.DATE-PICKER";
				PRODUCT_NAME = "$(TARGET_NAME)";
				SWIFT_VERSION = 4.2;
				TARGETED_DEVICE_FAMILY = "1,2";
			};
			name = Debug;
		};
		835169682361A9AD00EAD164 /* Release */ = {
			isa = XCBuildConfiguration;
			buildSettings = {
				ASSETCATALOG_COMPILER_APPICON_NAME = AppIcon;
				CODE_SIGN_STYLE = Automatic;
				INFOPLIST_FILE = "DATE PICKER/Info.plist";
				LD_RUNPATH_SEARCH_PATHS = (
					"$(inherited)",
					"@executable_path/Frameworks",
				);
				PRODUCT_BUNDLE_IDENTIFIER = "BRN.DATE-PICKER";
				PRODUCT_NAME = "$(TARGET_NAME)";
				SWIFT_VERSION = 4.2;
				TARGETED_DEVICE_FAMILY = "1,2";
			};
			name = Release;
		};
		8351696A2361A9AD00EAD164 /* Debug */ = {
			isa = XCBuildConfiguration;
			buildSettings = {
				ALWAYS_EMBED_SWIFT_STANDARD_LIBRARIES = YES;
				BUNDLE_LOADER = "$(TEST_HOST)";
				CODE_SIGN_STYLE = Automatic;
				INFOPLIST_FILE = "DATE PICKERTests/Info.plist";
				LD_RUNPATH_SEARCH_PATHS = (
					"$(inherited)",
					"@executable_path/Frameworks",
					"@loader_path/Frameworks",
				);
				PRODUCT_BUNDLE_IDENTIFIER = "BRN.DATE-PICKERTests";
				PRODUCT_NAME = "$(TARGET_NAME)";
				SWIFT_VERSION = 4.2;
				TARGETED_DEVICE_FAMILY = "1,2";
				TEST_HOST = "$(BUILT_PRODUCTS_DIR)/DATE PICKER.app/DATE PICKER";
			};
			name = Debug;
		};
		8351696B2361A9AD00EAD164 /* Release */ = {
			isa = XCBuildConfiguration;
			buildSettings = {
				ALWAYS_EMBED_SWIFT_STANDARD_LIBRARIES = YES;
				BUNDLE_LOADER = "$(TEST_HOST)";
				CODE_SIGN_STYLE = Automatic;
				INFOPLIST_FILE = "DATE PICKERTests/Info.plist";
				LD_RUNPATH_SEARCH_PATHS = (
					"$(inherited)",
					"@executable_path/Frameworks",
					"@loader_path/Frameworks",
				);
				PRODUCT_BUNDLE_IDENTIFIER = "BRN.DATE-PICKERTests";
				PRODUCT_NAME = "$(TARGET_NAME)";
				SWIFT_VERSION = 4.2;
				TARGETED_DEVICE_FAMILY = "1,2";
				TEST_HOST = "$(BUILT_PRODUCTS_DIR)/DATE PICKER.app/DATE PICKER";
			};
			name = Release;
		};
		8351696D2361A9AD00EAD164 /* Debug */ = {
			isa = XCBuildConfiguration;
			buildSettings = {
				ALWAYS_EMBED_SWIFT_STANDARD_LIBRARIES = YES;
				CODE_SIGN_STYLE = Automatic;
				INFOPLIST_FILE = "DATE PICKERUITests/Info.plist";
				LD_RUNPATH_SEARCH_PATHS = (
					"$(inherited)",
					"@executable_path/Frameworks",
					"@loader_path/Frameworks",
				);
				PRODUCT_BUNDLE_IDENTIFIER = "BRN.DATE-PICKERUITests";
				PRODUCT_NAME = "$(TARGET_NAME)";
				SWIFT_VERSION = 4.2;
				TARGETED_DEVICE_FAMILY = "1,2";
				TEST_TARGET_NAME = "DATE PICKER";
			};
			name = Debug;
		};
		8351696E2361A9AD00EAD164 /* Release */ = {
			isa = XCBuildConfiguration;
			buildSettings = {
				ALWAYS_EMBED_SWIFT_STANDARD_LIBRARIES = YES;
				CODE_SIGN_STYLE = Automatic;
				INFOPLIST_FILE = "DATE PICKERUITests/Info.plist";
				LD_RUNPATH_SEARCH_PATHS = (
					"$(inherited)",
					"@executable_path/Frameworks",
					"@loader_path/Frameworks",
				);
				PRODUCT_BUNDLE_IDENTIFIER = "BRN.DATE-PICKERUITests";
				PRODUCT_NAME = "$(TARGET_NAME)";
				SWIFT_VERSION = 4.2;
				TARGETED_DEVICE_FAMILY = "1,2";
				TEST_TARGET_NAME = "DATE PICKER";
			};
			name = Release;
		};
/* End XCBuildConfiguration section */

/* Begin XCConfigurationList section */
		835169392361A9A900EAD164 /* Build configuration list for PBXProject "DATE PICKER" */ = {
			isa = XCConfigurationList;
			buildConfigurations = (
				835169642361A9AD00EAD164 /* Debug */,
				835169652361A9AD00EAD164 /* Release */,
			);
			defaultConfigurationIsVisible = 0;
			defaultConfigurationName = Release;
		};
		835169662361A9AD00EAD164 /* Build configuration list for PBXNativeTarget "DATE PICKER" */ = {
			isa = XCConfigurationList;
			buildConfigurations = (
				835169672361A9AD00EAD164 /* Debug */,
				835169682361A9AD00EAD164 /* Release */,
			);
			defaultConfigurationIsVisible = 0;
			defaultConfigurationName = Release;
		};
		835169692361A9AD00EAD164 /* Build configuration list for PBXNativeTarget "DATE PICKERTests" */ = {
			isa = XCConfigurationList;
			buildConfigurations = (
				8351696A2361A9AD00EAD164 /* Debug */,
				8351696B2361A9AD00EAD164 /* Release */,
			);
			defaultConfigurationIsVisible = 0;
			defaultConfigurationName = Release;
		};
		8351696C2361A9AD00EAD164 /* Build configuration list for PBXNativeTarget "DATE PICKERUITests" */ = {
			isa = XCConfigurationList;
			buildConfigurations = (
				8351696D2361A9AD00EAD164 /* Debug */,
				8351696E2361A9AD00EAD164 /* Release */,
			);
			defaultConfigurationIsVisible = 0;
			defaultConfigurationName = Release;
		};
/* End XCConfigurationList section */
	};
	rootObject = 835169362361A9A900EAD164 /* Project object */;
}
